
Microsoft Visual Studio Solution File, Format Version 12.00
# Visual Studio Version 17
VisualStudioVersion = 17.11.35222.181
MinimumVisualStudioVersion = 10.0.40219.1
Project("{FAE04EC0-301F-11D3-BF4B-00C04F79EFBC}") = "Simple dice game", "Simple dice game\Simple dice game.csproj", "{DEA3AF85-75A1-4C2F-A056-8AD6E5C13693}"
EndProject
Global
	GlobalSection(SolutionConfigurationPlatforms) = preSolution
		Debug|Any CPU = Debug|Any CPU
		Release|Any CPU = Release|Any CPU
	EndGlobalSection
	GlobalSection(ProjectConfigurationPlatforms) = postSolution
		{DEA3AF85-75A1-4C2F-A056-8AD6E5C13693}.Debug|Any CPU.ActiveCfg = Debug|Any CPU
		{DEA3AF85-75A1-4C2F-A056-8AD6E5C13693}.Debug|Any CPU.Build.0 = Debug|Any CPU
		{DEA3AF85-75A1-4C2F-A056-8AD6E5C13693}.Release|Any CPU.ActiveCfg = Release|Any CPU
		{DEA3AF85-75A1-4C2F-A056-8AD6E5C13693}.Release|Any CPU.Build.0 = Release|Any CPU
	EndGlobalSection
	GlobalSection(SolutionProperties) = preSolution
		HideSolutionNode = FALSE
	EndGlobalSection
	GlobalSection(ExtensibilityGlobals) = postSolution
		SolutionGuid = {0AAF4699-ADB0-4D27-8204-789C81B4C4E6}
	EndGlobalSection
EndGlobal
